
Microsoft Visual Studio Solution File, Format Version 12.00
# Visual Studio Version 17
VisualStudioVersion = 17.5.002.0
MinimumVisualStudioVersion = 10.0.40219.1
Project("{9A19103F-16F7-4668-BE54-9A1E7A4F7556}") = "FinalDis", "FinalDis.csproj", "{2D401B4D-3C58-4A20-BA32-0B87C530C7AB}"
EndProject
Global
	GlobalSection(SolutionConfigurationPlatforms) = preSolution
		Debug|Any CPU = Debug|Any CPU
		Release|Any CPU = Release|Any CPU
	EndGlobalSection
	GlobalSection(ProjectConfigurationPlatforms) = postSolution
		{2D401B4D-3C58-4A20-BA32-0B87C530C7AB}.Debug|Any CPU.ActiveCfg = Debug|Any CPU
		{2D401B4D-3C58-4A20-BA32-0B87C530C7AB}.Debug|Any CPU.Build.0 = Debug|Any CPU
		{2D401B4D-3C58-4A20-BA32-0B87C530C7AB}.Release|Any CPU.ActiveCfg = Release|Any CPU
		{2D401B4D-3C58-4A20-BA32-0B87C530C7AB}.Release|Any CPU.Build.0 = Release|Any CPU
	EndGlobalSection
	GlobalSection(SolutionProperties) = preSolution
		HideSolutionNode = FALSE
	EndGlobalSection
	GlobalSection(ExtensibilityGlobals) = postSolution
		SolutionGuid = {ABFE3C66-74B0-458A-AAFE-38FA8218FA5C}
	EndGlobalSection
EndGlobal
